
Microsoft Visual Studio Solution File, Format Version 12.00
# Visual Studio Version 16
VisualStudioVersion = 16.0.30114.105
MinimumVisualStudioVersion = 10.0.40219.1
Project("{9A19103F-16F7-4668-BE54-9A1E7A4F7556}") = "ProspectTogether", "ProspectTogether.csproj", "{FF4816DB-DADC-45C4-B58F-7C772E51F6F7}"
EndProject
Global
	GlobalSection(SolutionConfigurationPlatforms) = preSolution
		Debug|Any CPU = Debug|Any CPU
		Release|Any CPU = Release|Any CPU
	EndGlobalSection
	GlobalSection(ProjectConfigurationPlatforms) = postSolution
		{FF4816DB-DADC-45C4-B58F-7C772E51F6F7}.Debug|Any CPU.ActiveCfg = Debug|Any CPU
		{FF4816DB-DADC-45C4-B58F-7C772E51F6F7}.Debug|Any CPU.Build.0 = Debug|Any CPU
		{FF4816DB-DADC-45C4-B58F-7C772E51F6F7}.Release|Any CPU.ActiveCfg = Release|Any CPU
		{FF4816DB-DADC-45C4-B58F-7C772E51F6F7}.Release|Any CPU.Build.0 = Release|Any CPU
	EndGlobalSection
	GlobalSection(SolutionProperties) = preSolution
		HideSolutionNode = FALSE
	EndGlobalSection
	GlobalSection(ExtensibilityGlobals) = postSolution
		SolutionGuid = {01A319EB-5693-4B99-9B6A-D54FEC82005B}
	EndGlobalSection
EndGlobal
